
Microsoft Visual Studio Solution File, Format Version 12.00
# Visual Studio Version 17
VisualStudioVersion = 17.14.36414.22
MinimumVisualStudioVersion = 10.0.40219.1
Project("{2150E333-8FDC-42A3-9474-1A3956D46DE8}") = "Task0", "Task0", "{02EA681E-C7D8-13C7-8484-4AC65E1B71E8}"
EndProject
Project("{FAE04EC0-301F-11D3-BF4B-00C04F79EFBC}") = "Tyuiu.BukhryakovAY.Sprint0.Task0.V0.Test", "Tyuiu.BukhryakovAY.Sprint0.Task0.V0.Test\Tyuiu.BukhryakovAY.Sprint0.Task0.V0.Test.csproj", "{69D1C27D-2EA1-4064-A4EA-2847873E7A5B}"
EndProject
Project("{FAE04EC0-301F-11D3-BF4B-00C04F79EFBC}") = "Tyuiu.BukhryakovAY.Sprint0.Task0.V0.Lib", "Tyuiu.BukhryakovAY.Sprint0.Task0.V0.Lib\Tyuiu.BukhryakovAY.Sprint0.Task0.V0.Lib.csproj", "{26ECBEF4-89E7-49B3-A924-CAE44F24EC01}"
EndProject
Project("{FAE04EC0-301F-11D3-BF4B-00C04F79EFBC}") = "Tyuiu.BukhryakovAY.Sprint0.Task0.V0", "Tyuiu.BukhryakovAY.Sprint0.Task0.V0\Tyuiu.BukhryakovAY.Sprint0.Task0.V0.csproj", "{BC59859C-7155-48A6-952E-5AC014B8FF61}"
EndProject
Project("{2150E333-8FDC-42A3-9474-1A3956D46DE8}") = "Task1", "Task1", "{D1DA44D5-8EC9-4696-AE44-BBC6B722F05B}"
EndProject
Project("{FAE04EC0-301F-11D3-BF4B-00C04F79EFBC}") = "Tyuiu.BukhryakovAY.Sprint0.Task1.V0", "Tyuiu.BukhryakovAY.Sprint0.Task1.Vo\Tyuiu.BukhryakovAY.Sprint0.Task1.V0.csproj", "{930D40B1-6C1A-4C36-8282-DA57F6C96AA6}"
EndProject
Project("{2150E333-8FDC-42A3-9474-1A3956D46DE8}") = "Task2", "Task2", "{C2A0E43C-049C-47A3-990A-CE01E0DA305E}"
EndProject
Project("{FAE04EC0-301F-11D3-BF4B-00C04F79EFBC}") = "Tyuiu.BukhryakovAY.Sprint0.Task2.V0", "Tyuiu.BukhryakovAY.Sprint0.Task2.V0\Tyuiu.BukhryakovAY.Sprint0.Task2.V0.csproj", "{914823F3-EF68-4753-B6B5-0CADA174D7F7}"
EndProject
Project("{FAE04EC0-301F-11D3-BF4B-00C04F79EFBC}") = "Tyuiu.BukhryakovAY.Sprint0.Task2.V0.Lib", "Tyuiu.BukhryakovAY.Sprint0.Task2.V0.Lib\Tyuiu.BukhryakovAY.Sprint0.Task2.V0.Lib.csproj", "{F0C15209-3D01-4C65-AF1E-0503D64FC814}"
EndProject
Project("{FAE04EC0-301F-11D3-BF4B-00C04F79EFBC}") = "Tyuiu.BukhryakovAY.Sprint0.Task2.V0.Test", "Tyuiu.BukhryakovAY.Sprint0.Task2.V0.Test\Tyuiu.BukhryakovAY.Sprint0.Task2.V0.Test.csproj", "{580206C5-F5DF-4B5F-A836-986B1EC0AEA1}"
EndProject
Project("{2150E333-8FDC-42A3-9474-1A3956D46DE8}") = "Task3", "Task3", "{702CF6DA-3EE3-4786-A90F-43E7A14316E8}"
EndProject
Project("{FAE04EC0-301F-11D3-BF4B-00C04F79EFBC}") = "Tyuiu.BukhryakovAY.Sprint0.Task3.V0", "Tyuiu.BukhryakovAY.Sprint0.Task3.V0\Tyuiu.BukhryakovAY.Sprint0.Task3.V0.csproj", "{1C769D15-448F-4CFB-B9CB-C9E59ED67F9E}"
EndProject
Project("{FAE04EC0-301F-11D3-BF4B-00C04F79EFBC}") = "Tyuiu.BukhryakovAY.Sprint0.Task3.V0.Test", "Tyuiu.BukhryakovAY.Sprint0.Task3.V0.Test\Tyuiu.BukhryakovAY.Sprint0.Task3.V0.Test.csproj", "{717F363B-4431-45F7-B605-4729A9AF251F}"
EndProject
Project("{FAE04EC0-301F-11D3-BF4B-00C04F79EFBC}") = "Tyuiu.BukhryakovAY.Sprint0.Task3.V0.Lib", "Tyuiu.BukhryakovAY.Sprint0.Task3.V0.Lib\Tyuiu.BukhryakovAY.Sprint0.Task3.V0.Lib.csproj", "{0DCBD21F-8DEF-46D2-AA99-47D6EE1B98BA}"
EndProject
Project("{2150E333-8FDC-42A3-9474-1A3956D46DE8}") = "Task4", "Task4", "{F68612CF-61DA-49A5-8599-D3847DD39C8F}"
EndProject
Project("{FAE04EC0-301F-11D3-BF4B-00C04F79EFBC}") = "Tyuiu.BukhryakovAY.Sprint0.Task4.V0.", "Tyuiu.BukhryakovAY.Sprint0.Task4.V0\Tyuiu.BukhryakovAY.Sprint0.Task4.V0..csproj", "{4658A430-4712-4064-99D1-25B55A719540}"
EndProject
Project("{FAE04EC0-301F-11D3-BF4B-00C04F79EFBC}") = "Tyuiu.BukhryakovAY.Sprint0.Task4.V0.Test", "Tyuiu.BukhryakovAY.Sprint0.Task4.V0.Test\Tyuiu.BukhryakovAY.Sprint0.Task4.V0.Test.csproj", "{CDD5D244-691F-4847-8105-AF33AEF27580}"
EndProject
Project("{FAE04EC0-301F-11D3-BF4B-00C04F79EFBC}") = "Tyuiu.BukhryakovAY.Sprint0.Task4.V0.Lib", "Tyuiu.BukhryakovAY.Sprint0.Task4.V0.Lib\Tyuiu.BukhryakovAY.Sprint0.Task4.V0.Lib.csproj", "{FEB7E9DE-57E5-4FB2-BCA1-0EA324337EF9}"
EndProject
Project("{2150E333-8FDC-42A3-9474-1A3956D46DE8}") = "Task5", "Task5", "{9F755E48-8E1F-4749-AC85-F1C40D2E4012}"
EndProject
Project("{FAE04EC0-301F-11D3-BF4B-00C04F79EFBC}") = "Tyuiu.BukhryakovAY.Sprint0.Task5.V0.", "Tyuiu.BukhryakovAY.Sprint0.Task5.V0\Tyuiu.BukhryakovAY.Sprint0.Task5.V0..csproj", "{59989975-88A2-50CC-9125-66D9B80BAC41}"
EndProject
Project("{FAE04EC0-301F-11D3-BF4B-00C04F79EFBC}") = "Tyuiu.BukhryakovAY.Sprint0.Task5.V0.Lib", "Tyuiu.BukhryakovAY.Sprint0.Task5.V0.Lib\Tyuiu.BukhryakovAY.Sprint0.Task5.V0.Lib.csproj", "{5993B8B3-ACD6-BCF8-1B39-12EC0F56C3E7}"
EndProject
Project("{FAE04EC0-301F-11D3-BF4B-00C04F79EFBC}") = "Tyuiu.BukhryakovAY.Sprint0.Task5.V0.Test", "Tyuiu.BukhryakovAY.Sprint0.Task5.V0.Test\Tyuiu.BukhryakovAY.Sprint0.Task5.V0.Test.csproj", "{2452954B-6F54-81C4-D73D-3A5B12E602C6}"
EndProject
Project("{2150E333-8FDC-42A3-9474-1A3956D46DE8}") = "Task6", "Task6", "{66B381F1-0A02-4B34-A2E7-FD10F38812EF}"
EndProject
Project("{FAE04EC0-301F-11D3-BF4B-00C04F79EFBC}") = "Tyuiu.BukhryakovAY.Sprint0.Task6.V0.Lib", "Tyuiu.BukhryakovAY.Sprint0.Task6.V0.Lib\Tyuiu.BukhryakovAY.Sprint0.Task6.V0.Lib.csproj", "{E8D0C077-D97D-4388-A5DE-C4E610749DC5}"
EndProject
Project("{FAE04EC0-301F-11D3-BF4B-00C04F79EFBC}") = "Tyuiu.BukhryakovAY.Sprint0.Task6.V0.", "Tyuiu.BukhryakovAY.Sprint0.Task6.V0\Tyuiu.BukhryakovAY.Sprint0.Task6.V0..csproj", "{26700E51-36D3-4806-8245-FA2031DAD55D}"
EndProject
Project("{FAE04EC0-301F-11D3-BF4B-00C04F79EFBC}") = "Tyuiu.BukhryakovAY.Sprint0.Task6.V0.Test", "Tyuiu.BukhryakovAY.Sprint0.Task6.V0.Test\Tyuiu.BukhryakovAY.Sprint0.Task6.V0.Test.csproj", "{5DEB9BBA-FC5A-4ADB-9D63-59D99639221F}"
EndProject
Project("{2150E333-8FDC-42A3-9474-1A3956D46DE8}") = "Task7", "Task7", "{398AA630-52F8-49B5-B195-4A1B5154D2C5}"
EndProject
Project("{FAE04EC0-301F-11D3-BF4B-00C04F79EFBC}") = "Tyuiu.BukhryakovAY.Sprint0.Task7.V0.Test", "Tyuiu.BukhryakovAY.Sprint0.Task7.V0.Test\Tyuiu.BukhryakovAY.Sprint0.Task7.V0.Test.csproj", "{5878D10B-B630-444D-9316-8A049AE826D3}"
EndProject
Project("{FAE04EC0-301F-11D3-BF4B-00C04F79EFBC}") = "Tyuiu.BukhryakovAY.Sprint0.Task7.V0.Lib", "Tyuiu.BukhryakovAY.Sprint0.Task7.V0.Lib\Tyuiu.BukhryakovAY.Sprint0.Task7.V0.Lib.csproj", "{A61C06E7-F8A2-4FAC-8BEC-B0014F79E068}"
EndProject
Project("{FAE04EC0-301F-11D3-BF4B-00C04F79EFBC}") = "Tyuiu.BukhryakovAY.Sprint0.Task7.V0.", "Tyuiu.BukhryakovAY.Sprint0.Task7.V0\Tyuiu.BukhryakovAY.Sprint0.Task7.V0..csproj", "{9D676D81-CF5F-4D66-B631-FDFF0959CAA8}"
EndProject
Global
	GlobalSection(SolutionConfigurationPlatforms) = preSolution
		Debug|Any CPU = Debug|Any CPU
		Release|Any CPU = Release|Any CPU
	EndGlobalSection
	GlobalSection(ProjectConfigurationPlatforms) = postSolution
		{69D1C27D-2EA1-4064-A4EA-2847873E7A5B}.Debug|Any CPU.ActiveCfg = Debug|Any CPU
		{69D1C27D-2EA1-4064-A4EA-2847873E7A5B}.Debug|Any CPU.Build.0 = Debug|Any CPU
		{69D1C27D-2EA1-4064-A4EA-2847873E7A5B}.Release|Any CPU.ActiveCfg = Release|Any CPU
		{69D1C27D-2EA1-4064-A4EA-2847873E7A5B}.Release|Any CPU.Build.0 = Release|Any CPU
		{26ECBEF4-89E7-49B3-A924-CAE44F24EC01}.Debug|Any CPU.ActiveCfg = Debug|Any CPU
		{26ECBEF4-89E7-49B3-A924-CAE44F24EC01}.Debug|Any CPU.Build.0 = Debug|Any CPU
		{26ECBEF4-89E7-49B3-A924-CAE44F24EC01}.Release|Any CPU.ActiveCfg = Release|Any CPU
		{26ECBEF4-89E7-49B3-A924-CAE44F24EC01}.Release|Any CPU.Build.0 = Release|Any CPU
		{BC59859C-7155-48A6-952E-5AC014B8FF61}.Debug|Any CPU.ActiveCfg = Debug|Any CPU
		{BC59859C-7155-48A6-952E-5AC014B8FF61}.Debug|Any CPU.Build.0 = Debug|Any CPU
		{BC59859C-7155-48A6-952E-5AC014B8FF61}.Release|Any CPU.ActiveCfg = Release|Any CPU
		{BC59859C-7155-48A6-952E-5AC014B8FF61}.Release|Any CPU.Build.0 = Release|Any CPU
		{930D40B1-6C1A-4C36-8282-DA57F6C96AA6}.Debug|Any CPU.ActiveCfg = Debug|Any CPU
		{930D40B1-6C1A-4C36-8282-DA57F6C96AA6}.Debug|Any CPU.Build.0 = Debug|Any CPU
		{930D40B1-6C1A-4C36-8282-DA57F6C96AA6}.Release|Any CPU.ActiveCfg = Release|Any CPU
		{930D40B1-6C1A-4C36-8282-DA57F6C96AA6}.Release|Any CPU.Build.0 = Release|Any CPU
		{914823F3-EF68-4753-B6B5-0CADA174D7F7}.Debug|Any CPU.ActiveCfg = Debug|Any CPU
		{914823F3-EF68-4753-B6B5-0CADA174D7F7}.Debug|Any CPU.Build.0 = Debug|Any CPU
		{914823F3-EF68-4753-B6B5-0CADA174D7F7}.Release|Any CPU.ActiveCfg = Release|Any CPU
		{914823F3-EF68-4753-B6B5-0CADA174D7F7}.Release|Any CPU.Build.0 = Release|Any CPU
		{F0C15209-3D01-4C65-AF1E-0503D64FC814}.Debug|Any CPU.ActiveCfg = Debug|Any CPU
		{F0C15209-3D01-4C65-AF1E-0503D64FC814}.Debug|Any CPU.Build.0 = Debug|Any CPU
		{F0C15209-3D01-4C65-AF1E-0503D64FC814}.Release|Any CPU.ActiveCfg = Release|Any CPU
		{F0C15209-3D01-4C65-AF1E-0503D64FC814}.Release|Any CPU.Build.0 = Release|Any CPU
		{580206C5-F5DF-4B5F-A836-986B1EC0AEA1}.Debug|Any CPU.ActiveCfg = Debug|Any CPU
		{580206C5-F5DF-4B5F-A836-986B1EC0AEA1}.Debug|Any CPU.Build.0 = Debug|Any CPU
		{580206C5-F5DF-4B5F-A836-986B1EC0AEA1}.Release|Any CPU.ActiveCfg = Release|Any CPU
		{580206C5-F5DF-4B5F-A836-986B1EC0AEA1}.Release|Any CPU.Build.0 = Release|Any CPU
		{1C769D15-448F-4CFB-B9CB-C9E59ED67F9E}.Debug|Any CPU.ActiveCfg = Debug|Any CPU
		{1C769D15-448F-4CFB-B9CB-C9E59ED67F9E}.Debug|Any CPU.Build.0 = Debug|Any CPU
		{1C769D15-448F-4CFB-B9CB-C9E59ED67F9E}.Release|Any CPU.ActiveCfg = Release|Any CPU
		{1C769D15-448F-4CFB-B9CB-C9E59ED67F9E}.Release|Any CPU.Build.0 = Release|Any CPU
		{717F363B-4431-45F7-B605-4729A9AF251F}.Debug|Any CPU.ActiveCfg = Debug|Any CPU
		{717F363B-4431-45F7-B605-4729A9AF251F}.Debug|Any CPU.Build.0 = Debug|Any CPU
		{717F363B-4431-45F7-B605-4729A9AF251F}.Release|Any CPU.ActiveCfg = Release|Any CPU
		{717F363B-4431-45F7-B605-4729A9AF251F}.Release|Any CPU.Build.0 = Release|Any CPU
		{0DCBD21F-8DEF-46D2-AA99-47D6EE1B98BA}.Debug|Any CPU.ActiveCfg = Debug|Any CPU
		{0DCBD21F-8DEF-46D2-AA99-47D6EE1B98BA}.Debug|Any CPU.Build.0 = Debug|Any CPU
		{0DCBD21F-8DEF-46D2-AA99-47D6EE1B98BA}.Release|Any CPU.ActiveCfg = Release|Any CPU
		{0DCBD21F-8DEF-46D2-AA99-47D6EE1B98BA}.Release|Any CPU.Build.0 = Release|Any CPU
		{4658A430-4712-4064-99D1-25B55A719540}.Debug|Any CPU.ActiveCfg = Debug|Any CPU
		{4658A430-4712-4064-99D1-25B55A719540}.Debug|Any CPU.Build.0 = Debug|Any CPU
		{4658A430-4712-4064-99D1-25B55A719540}.Release|Any CPU.ActiveCfg = Release|Any CPU
		{4658A430-4712-4064-99D1-25B55A719540}.Release|Any CPU.Build.0 = Release|Any CPU
		{CDD5D244-691F-4847-8105-AF33AEF27580}.Debug|Any CPU.ActiveCfg = Debug|Any CPU
		{CDD5D244-691F-4847-8105-AF33AEF27580}.Debug|Any CPU.Build.0 = Debug|Any CPU
		{CDD5D244-691F-4847-8105-AF33AEF27580}.Release|Any CPU.ActiveCfg = Release|Any CPU
		{CDD5D244-691F-4847-8105-AF33AEF27580}.Release|Any CPU.Build.0 = Release|Any CPU
		{FEB7E9DE-57E5-4FB2-BCA1-0EA324337EF9}.Debug|Any CPU.ActiveCfg = Debug|Any CPU
		{FEB7E9DE-57E5-4FB2-BCA1-0EA324337EF9}.Debug|Any CPU.Build.0 = Debug|Any CPU
		{FEB7E9DE-57E5-4FB2-BCA1-0EA324337EF9}.Release|Any CPU.ActiveCfg = Release|Any CPU
		{FEB7E9DE-57E5-4FB2-BCA1-0EA324337EF9}.Release|Any CPU.Build.0 = Release|Any CPU
		{59989975-88A2-50CC-9125-66D9B80BAC41}.Debug|Any CPU.ActiveCfg = Debug|Any CPU
		{59989975-88A2-50CC-9125-66D9B80BAC41}.Debug|Any CPU.Build.0 = Debug|Any CPU
		{59989975-88A2-50CC-9125-66D9B80BAC41}.Release|Any CPU.ActiveCfg = Release|Any CPU
		{59989975-88A2-50CC-9125-66D9B80BAC41}.Release|Any CPU.Build.0 = Release|Any CPU
		{5993B8B3-ACD6-BCF8-1B39-12EC0F56C3E7}.Debug|Any CPU.ActiveCfg = Debug|Any CPU
		{5993B8B3-ACD6-BCF8-1B39-12EC0F56C3E7}.Debug|Any CPU.Build.0 = Debug|Any CPU
		{5993B8B3-ACD6-BCF8-1B39-12EC0F56C3E7}.Release|Any CPU.ActiveCfg = Release|Any CPU
		{5993B8B3-ACD6-BCF8-1B39-12EC0F56C3E7}.Release|Any CPU.Build.0 = Release|Any CPU
		{2452954B-6F54-81C4-D73D-3A5B12E602C6}.Debug|Any CPU.ActiveCfg = Debug|Any CPU
		{2452954B-6F54-81C4-D73D-3A5B12E602C6}.Debug|Any CPU.Build.0 = Debug|Any CPU
		{2452954B-6F54-81C4-D73D-3A5B12E602C6}.Release|Any CPU.ActiveCfg = Release|Any CPU
		{2452954B-6F54-81C4-D73D-3A5B12E602C6}.Release|Any CPU.Build.0 = Release|Any CPU
		{E8D0C077-D97D-4388-A5DE-C4E610749DC5}.Debug|Any CPU.ActiveCfg = Debug|Any CPU
		{E8D0C077-D97D-4388-A5DE-C4E610749DC5}.Debug|Any CPU.Build.0 = Debug|Any CPU
		{E8D0C077-D97D-4388-A5DE-C4E610749DC5}.Release|Any CPU.ActiveCfg = Release|Any CPU
		{E8D0C077-D97D-4388-A5DE-C4E610749DC5}.Release|Any CPU.Build.0 = Release|Any CPU
		{26700E51-36D3-4806-8245-FA2031DAD55D}.Debug|Any CPU.ActiveCfg = Debug|Any CPU
		{26700E51-36D3-4806-8245-FA2031DAD55D}.Debug|Any CPU.Build.0 = Debug|Any CPU
		{26700E51-36D3-4806-8245-FA2031DAD55D}.Release|Any CPU.ActiveCfg = Release|Any CPU
		{26700E51-36D3-4806-8245-FA2031DAD55D}.Release|Any CPU.Build.0 = Release|Any CPU
		{5DEB9BBA-FC5A-4ADB-9D63-59D99639221F}.Debug|Any CPU.ActiveCfg = Debug|Any CPU
		{5DEB9BBA-FC5A-4ADB-9D63-59D99639221F}.Debug|Any CPU.Build.0 = Debug|Any CPU
		{5DEB9BBA-FC5A-4ADB-9D63-59D99639221F}.Release|Any CPU.ActiveCfg = Release|Any CPU
		{5DEB9BBA-FC5A-4ADB-9D63-59D99639221F}.Release|Any CPU.Build.0 = Release|Any CPU
		{5878D10B-B630-444D-9316-8A049AE826D3}.Debug|Any CPU.ActiveCfg = Debug|Any CPU
		{5878D10B-B630-444D-9316-8A049AE826D3}.Debug|Any CPU.Build.0 = Debug|Any CPU
		{5878D10B-B630-444D-9316-8A049AE826D3}.Release|Any CPU.ActiveCfg = Release|Any CPU
		{5878D10B-B630-444D-9316-8A049AE826D3}.Release|Any CPU.Build.0 = Release|Any CPU
		{A61C06E7-F8A2-4FAC-8BEC-B0014F79E068}.Debug|Any CPU.ActiveCfg = Debug|Any CPU
		{A61C06E7-F8A2-4FAC-8BEC-B0014F79E068}.Debug|Any CPU.Build.0 = Debug|Any CPU
		{A61C06E7-F8A2-4FAC-8BEC-B0014F79E068}.Release|Any CPU.ActiveCfg = Release|Any CPU
		{A61C06E7-F8A2-4FAC-8BEC-B0014F79E068}.Release|Any CPU.Build.0 = Release|Any CPU
		{9D676D81-CF5F-4D66-B631-FDFF0959CAA8}.Debug|Any CPU.ActiveCfg = Debug|Any CPU
		{9D676D81-CF5F-4D66-B631-FDFF0959CAA8}.Debug|Any CPU.Build.0 = Debug|Any CPU
		{9D676D81-CF5F-4D66-B631-FDFF0959CAA8}.Release|Any CPU.ActiveCfg = Release|Any CPU
		{9D676D81-CF5F-4D66-B631-FDFF0959CAA8}.Release|Any CPU.Build.0 = Release|Any CPU
	EndGlobalSection
	GlobalSection(SolutionProperties) = preSolution
		HideSolutionNode = FALSE
	EndGlobalSection
	GlobalSection(NestedProjects) = preSolution
		{69D1C27D-2EA1-4064-A4EA-2847873E7A5B} = {02EA681E-C7D8-13C7-8484-4AC65E1B71E8}
		{26ECBEF4-89E7-49B3-A924-CAE44F24EC01} = {02EA681E-C7D8-13C7-8484-4AC65E1B71E8}
		{BC59859C-7155-48A6-952E-5AC014B8FF61} = {02EA681E-C7D8-13C7-8484-4AC65E1B71E8}
		{930D40B1-6C1A-4C36-8282-DA57F6C96AA6} = {D1DA44D5-8EC9-4696-AE44-BBC6B722F05B}
		{914823F3-EF68-4753-B6B5-0CADA174D7F7} = {C2A0E43C-049C-47A3-990A-CE01E0DA305E}
		{F0C15209-3D01-4C65-AF1E-0503D64FC814} = {C2A0E43C-049C-47A3-990A-CE01E0DA305E}
		{580206C5-F5DF-4B5F-A836-986B1EC0AEA1} = {C2A0E43C-049C-47A3-990A-CE01E0DA305E}
		{1C769D15-448F-4CFB-B9CB-C9E59ED67F9E} = {702CF6DA-3EE3-4786-A90F-43E7A14316E8}
		{717F363B-4431-45F7-B605-4729A9AF251F} = {702CF6DA-3EE3-4786-A90F-43E7A14316E8}
		{0DCBD21F-8DEF-46D2-AA99-47D6EE1B98BA} = {702CF6DA-3EE3-4786-A90F-43E7A14316E8}
		{4658A430-4712-4064-99D1-25B55A719540} = {F68612CF-61DA-49A5-8599-D3847DD39C8F}
		{CDD5D244-691F-4847-8105-AF33AEF27580} = {F68612CF-61DA-49A5-8599-D3847DD39C8F}
		{FEB7E9DE-57E5-4FB2-BCA1-0EA324337EF9} = {F68612CF-61DA-49A5-8599-D3847DD39C8F}
		{59989975-88A2-50CC-9125-66D9B80BAC41} = {9F755E48-8E1F-4749-AC85-F1C40D2E4012}
		{5993B8B3-ACD6-BCF8-1B39-12EC0F56C3E7} = {9F755E48-8E1F-4749-AC85-F1C40D2E4012}
		{2452954B-6F54-81C4-D73D-3A5B12E602C6} = {9F755E48-8E1F-4749-AC85-F1C40D2E4012}
		{E8D0C077-D97D-4388-A5DE-C4E610749DC5} = {66B381F1-0A02-4B34-A2E7-FD10F38812EF}
		{26700E51-36D3-4806-8245-FA2031DAD55D} = {66B381F1-0A02-4B34-A2E7-FD10F38812EF}
		{5DEB9BBA-FC5A-4ADB-9D63-59D99639221F} = {66B381F1-0A02-4B34-A2E7-FD10F38812EF}
		{5878D10B-B630-444D-9316-8A049AE826D3} = {398AA630-52F8-49B5-B195-4A1B5154D2C5}
		{A61C06E7-F8A2-4FAC-8BEC-B0014F79E068} = {398AA630-52F8-49B5-B195-4A1B5154D2C5}
		{9D676D81-CF5F-4D66-B631-FDFF0959CAA8} = {398AA630-52F8-49B5-B195-4A1B5154D2C5}
	EndGlobalSection
	GlobalSection(ExtensibilityGlobals) = postSolution
		SolutionGuid = {52BBDEAA-25F1-458F-9BC1-D5CCBEE785BE}
	EndGlobalSection
EndGlobal
